// !$*UTF8*$!
{
	archiveVersion = 1;
	classes = {
	};
	objectVersion = 46;
	objects = {

/* Begin PBXBuildFile section */
		121DC7893E6C443AAD3D99ED /* libPods.a in Frameworks */ = {isa = PBXBuildFile; fileRef = 8AFF9F8FBBEE4EECA0007C6E /* libPods.a */; };
		8D0E0C331909FB30005E3CFE /* Foundation.framework in Frameworks */ = {isa = PBXBuildFile; fileRef = 8D0E0C321909FB30005E3CFE /* Foundation.framework */; };
		8D0E0C351909FB30005E3CFE /* CoreGraphics.framework in Frameworks */ = {isa = PBXBuildFile; fileRef = 8D0E0C341909FB30005E3CFE /* CoreGraphics.framework */; };
		8D0E0C371909FB30005E3CFE /* UIKit.framework in Frameworks */ = {isa = PBXBuildFile; fileRef = 8D0E0C361909FB30005E3CFE /* UIKit.framework */; };
		8D0E0C3D1909FB30005E3CFE /* InfoPlist.strings in Resources */ = {isa = PBXBuildFile; fileRef = 8D0E0C3B1909FB30005E3CFE /* InfoPlist.strings */; };
		8D0E0C3F1909FB30005E3CFE /* main.m in Sources */ = {isa = PBXBuildFile; fileRef = 8D0E0C3E1909FB30005E3CFE /* main.m */; };
		8D0E0C431909FB31005E3CFE /* CCAppDelegate.m in Sources */ = {isa = PBXBuildFile; fileRef = 8D0E0C421909FB31005E3CFE /* CCAppDelegate.m */; };
		8D0E0C461909FB31005E3CFE /* Main.storyboard in Resources */ = {isa = PBXBuildFile; fileRef = 8D0E0C441909FB31005E3CFE /* Main.storyboard */; };
		8D0E0C4B1909FB31005E3CFE /* Images.xcassets in Resources */ = {isa = PBXBuildFile; fileRef = 8D0E0C4A1909FB31005E3CFE /* Images.xcassets */; };
		8D0E0C521909FB31005E3CFE /* XCTest.framework in Frameworks */ = {isa = PBXBuildFile; fileRef = 8D0E0C511909FB31005E3CFE /* XCTest.framework */; };
		8D0E0C531909FB31005E3CFE /* Foundation.framework in Frameworks */ = {isa = PBXBuildFile; fileRef = 8D0E0C321909FB30005E3CFE /* Foundation.framework */; };
		8D0E0C541909FB31005E3CFE /* UIKit.framework in Frameworks */ = {isa = PBXBuildFile; fileRef = 8D0E0C361909FB30005E3CFE /* UIKit.framework */; };
		8D0E0C5C1909FB31005E3CFE /* InfoPlist.strings in Resources */ = {isa = PBXBuildFile; fileRef = 8D0E0C5A1909FB31005E3CFE /* InfoPlist.strings */; };
		8D0E0C5E1909FB31005E3CFE /* RamblerTests.m in Sources */ = {isa = PBXBuildFile; fileRef = 8D0E0C5D1909FB31005E3CFE /* RamblerTests.m */; };
		8D0E0C6B1909FB71005E3CFE /* CCLandingViewController.m in Sources */ = {isa = PBXBuildFile; fileRef = 8D0E0C6A1909FB71005E3CFE /* CCLandingViewController.m */; };
		8D440AA419204448006AF9E7 /* Pin@2x.png in Resources */ = {isa = PBXBuildFile; fileRef = 8D440AA319204448006AF9E7 /* Pin@2x.png */; };
		8D440AA61920445C006AF9E7 /* Pin.png in Resources */ = {isa = PBXBuildFile; fileRef = 8D440AA51920445C006AF9E7 /* Pin.png */; };
		8D440AA919204736006AF9E7 /* CCEndPointPinView.m in Sources */ = {isa = PBXBuildFile; fileRef = 8D440AA819204736006AF9E7 /* CCEndPointPinView.m */; };
		8D4E71D6191D950E0055DCD2 /* CCPinAnnotations.m in Sources */ = {isa = PBXBuildFile; fileRef = 8D4E71D5191D950E0055DCD2 /* CCPinAnnotations.m */; };
		8D4E71D8191DAF090055DCD2 /* Map_Path.png in Resources */ = {isa = PBXBuildFile; fileRef = 8D4E71D7191DAF090055DCD2 /* Map_Path.png */; };
		8D4E71DA191DAF1D0055DCD2 /* Map_Path@2x.png in Resources */ = {isa = PBXBuildFile; fileRef = 8D4E71D9191DAF1D0055DCD2 /* Map_Path@2x.png */; };
		8D843CC7190C2C2100DAA4B7 /* CCButtonClass.m in Sources */ = {isa = PBXBuildFile; fileRef = 8D843CC6190C2C2100DAA4B7 /* CCButtonClass.m */; };
		8DA35BC819213555008DF664 /* Checkbox@2x.png in Resources */ = {isa = PBXBuildFile; fileRef = 8DA35BC719213555008DF664 /* Checkbox@2x.png */; };
		8DA35BCA19213564008DF664 /* Checkbox.png in Resources */ = {isa = PBXBuildFile; fileRef = 8DA35BC919213564008DF664 /* Checkbox.png */; };
		8DA35BCD1922C7F3008DF664 /* CCAdjustMapPointView.m in Sources */ = {isa = PBXBuildFile; fileRef = 8DA35BCC1922C7F3008DF664 /* CCAdjustMapPointView.m */; };
		8DAEB686191C222200223F86 /* CCLine.m in Sources */ = {isa = PBXBuildFile; fileRef = 8DAEB685191C222200223F86 /* CCLine.m */; };
		8DAEB689191C235D00223F86 /* CCDrawableView.m in Sources */ = {isa = PBXBuildFile; fileRef = 8DAEB688191C235D00223F86 /* CCDrawableView.m */; };
		8DC5CCA31918189F000673FE /* CCMapPageViewController.m in Sources */ = {isa = PBXBuildFile; fileRef = 8DC5CCA21918189F000673FE /* CCMapPageViewController.m */; };
		8DECED3E1909FD4A002FD98D /* smallBG.png in Resources */ = {isa = PBXBuildFile; fileRef = 8DECED3D1909FD4A002FD98D /* smallBG.png */; };
		8DECED421909FDB9002FD98D /* ios7_app_icon_iphone@2x.png in Resources */ = {isa = PBXBuildFile; fileRef = 8DECED3F1909FDB9002FD98D /* ios7_app_icon_iphone@2x.png */; };
		8DECED431909FDB9002FD98D /* settings_icon@2x.png in Resources */ = {isa = PBXBuildFile; fileRef = 8DECED401909FDB9002FD98D /* settings_icon@2x.png */; };
		8DECED441909FDB9002FD98D /* spotlight_icon@2x.png in Resources */ = {isa = PBXBuildFile; fileRef = 8DECED411909FDB9002FD98D /* spotlight_icon@2x.png */; };
/* End PBXBuildFile section */

/* Begin PBXContainerItemProxy section */
		8D0E0C551909FB31005E3CFE /* PBXContainerItemProxy */ = {
			isa = PBXContainerItemProxy;
			containerPortal = 8D0E0C271909FB30005E3CFE /* Project object */;
			proxyType = 1;
			remoteGlobalIDString = 8D0E0C2E1909FB30005E3CFE;
			remoteInfo = Rambler;
		};
/* End PBXContainerItemProxy section */

/* Begin PBXFileReference section */
		8AFF9F8FBBEE4EECA0007C6E /* libPods.a */ = {isa = PBXFileReference; explicitFileType = archive.ar; includeInIndex = 0; path = libPods.a; sourceTree = BUILT_PRODUCTS_DIR; };
		8D0E0C2F1909FB30005E3CFE /* Rambler.app */ = {isa = PBXFileReference; explicitFileType = wrapper.application; includeInIndex = 0; path = Rambler.app; sourceTree = BUILT_PRODUCTS_DIR; };
		8D0E0C321909FB30005E3CFE /* Foundation.framework */ = {isa = PBXFileReference; lastKnownFileType = wrapper.framework; name = Foundation.framework; path = System/Library/Frameworks/Foundation.framework; sourceTree = SDKROOT; };
		8D0E0C341909FB30005E3CFE /* CoreGraphics.framework */ = {isa = PBXFileReference; lastKnownFileType = wrapper.framework; name = CoreGraphics.framework; path = System/Library/Frameworks/CoreGraphics.framework; sourceTree = SDKROOT; };
		8D0E0C361909FB30005E3CFE /* UIKit.framework */ = {isa = PBXFileReference; lastKnownFileType = wrapper.framework; name = UIKit.framework; path = System/Library/Frameworks/UIKit.framework; sourceTree = SDKROOT; };
		8D0E0C3A1909FB30005E3CFE /* Rambler-Info.plist */ = {isa = PBXFileReference; lastKnownFileType = text.plist.xml; path = "Rambler-Info.plist"; sourceTree = "<group>"; };
		8D0E0C3C1909FB30005E3CFE /* en */ = {isa = PBXFileReference; lastKnownFileType = text.plist.strings; name = en; path = en.lproj/InfoPlist.strings; sourceTree = "<group>"; };
		8D0E0C3E1909FB30005E3CFE /* main.m */ = {isa = PBXFileReference; lastKnownFileType = sourcecode.c.objc; path = main.m; sourceTree = "<group>"; };
		8D0E0C401909FB30005E3CFE /* Rambler-Prefix.pch */ = {isa = PBXFileReference; lastKnownFileType = sourcecode.c.h; path = "Rambler-Prefix.pch"; sourceTree = "<group>"; };
		8D0E0C411909FB31005E3CFE /* CCAppDelegate.h */ = {isa = PBXFileReference; lastKnownFileType = sourcecode.c.h; path = CCAppDelegate.h; sourceTree = "<group>"; };
		8D0E0C421909FB31005E3CFE /* CCAppDelegate.m */ = {isa = PBXFileReference; lastKnownFileType = sourcecode.c.objc; path = CCAppDelegate.m; sourceTree = "<group>"; };
		8D0E0C451909FB31005E3CFE /* Base */ = {isa = PBXFileReference; lastKnownFileType = file.storyboard; name = Base; path = Base.lproj/Main.storyboard; sourceTree = "<group>"; };
		8D0E0C4A1909FB31005E3CFE /* Images.xcassets */ = {isa = PBXFileReference; lastKnownFileType = folder.assetcatalog; path = Images.xcassets; sourceTree = "<group>"; };
		8D0E0C501909FB31005E3CFE /* RamblerTests.xctest */ = {isa = PBXFileReference; explicitFileType = wrapper.cfbundle; includeInIndex = 0; path = RamblerTests.xctest; sourceTree = BUILT_PRODUCTS_DIR; };
		8D0E0C511909FB31005E3CFE /* XCTest.framework */ = {isa = PBXFileReference; lastKnownFileType = wrapper.framework; name = XCTest.framework; path = Library/Frameworks/XCTest.framework; sourceTree = DEVELOPER_DIR; };
		8D0E0C591909FB31005E3CFE /* RamblerTests-Info.plist */ = {isa = PBXFileReference; lastKnownFileType = text.plist.xml; path = "RamblerTests-Info.plist"; sourceTree = "<group>"; };
		8D0E0C5B1909FB31005E3CFE /* en */ = {isa = PBXFileReference; lastKnownFileType = text.plist.strings; name = en; path = en.lproj/InfoPlist.strings; sourceTree = "<group>"; };
		8D0E0C5D1909FB31005E3CFE /* RamblerTests.m */ = {isa = PBXFileReference; lastKnownFileType = sourcecode.c.objc; path = RamblerTests.m; sourceTree = "<group>"; };
		8D0E0C691909FB71005E3CFE /* CCLandingViewController.h */ = {isa = PBXFileReference; fileEncoding = 4; lastKnownFileType = sourcecode.c.h; path = CCLandingViewController.h; sourceTree = "<group>"; };
		8D0E0C6A1909FB71005E3CFE /* CCLandingViewController.m */ = {isa = PBXFileReference; fileEncoding = 4; lastKnownFileType = sourcecode.c.objc; path = CCLandingViewController.m; sourceTree = "<group>"; };
		8D440AA319204448006AF9E7 /* Pin@2x.png */ = {isa = PBXFileReference; lastKnownFileType = image.png; path = "Pin@2x.png"; sourceTree = "<group>"; };
		8D440AA51920445C006AF9E7 /* Pin.png */ = {isa = PBXFileReference; lastKnownFileType = image.png; path = Pin.png; sourceTree = "<group>"; };
		8D440AA719204736006AF9E7 /* CCEndPointPinView.h */ = {isa = PBXFileReference; fileEncoding = 4; lastKnownFileType = sourcecode.c.h; path = CCEndPointPinView.h; sourceTree = "<group>"; };
		8D440AA819204736006AF9E7 /* CCEndPointPinView.m */ = {isa = PBXFileReference; fileEncoding = 4; lastKnownFileType = sourcecode.c.objc; path = CCEndPointPinView.m; sourceTree = "<group>"; };
		8D4E71D4191D950E0055DCD2 /* CCPinAnnotations.h */ = {isa = PBXFileReference; fileEncoding = 4; lastKnownFileType = sourcecode.c.h; path = CCPinAnnotations.h; sourceTree = "<group>"; };
		8D4E71D5191D950E0055DCD2 /* CCPinAnnotations.m */ = {isa = PBXFileReference; fileEncoding = 4; lastKnownFileType = sourcecode.c.objc; path = CCPinAnnotations.m; sourceTree = "<group>"; };
		8D4E71D7191DAF090055DCD2 /* Map_Path.png */ = {isa = PBXFileReference; lastKnownFileType = image.png; path = Map_Path.png; sourceTree = "<group>"; };
		8D4E71D9191DAF1D0055DCD2 /* Map_Path@2x.png */ = {isa = PBXFileReference; lastKnownFileType = image.png; path = "Map_Path@2x.png"; sourceTree = "<group>"; };
		8D843CC5190C2C2100DAA4B7 /* CCButtonClass.h */ = {isa = PBXFileReference; fileEncoding = 4; lastKnownFileType = sourcecode.c.h; path = CCButtonClass.h; sourceTree = "<group>"; };
		8D843CC6190C2C2100DAA4B7 /* CCButtonClass.m */ = {isa = PBXFileReference; fileEncoding = 4; lastKnownFileType = sourcecode.c.objc; path = CCButtonClass.m; sourceTree = "<group>"; };
		8DA35BC719213555008DF664 /* Checkbox@2x.png */ = {isa = PBXFileReference; lastKnownFileType = image.png; path = "Checkbox@2x.png"; sourceTree = "<group>"; };
		8DA35BC919213564008DF664 /* Checkbox.png */ = {isa = PBXFileReference; lastKnownFileType = image.png; path = Checkbox.png; sourceTree = "<group>"; };
		8DA35BCB1922C7F3008DF664 /* CCAdjustMapPointView.h */ = {isa = PBXFileReference; fileEncoding = 4; lastKnownFileType = sourcecode.c.h; path = CCAdjustMapPointView.h; sourceTree = "<group>"; };
		8DA35BCC1922C7F3008DF664 /* CCAdjustMapPointView.m */ = {isa = PBXFileReference; fileEncoding = 4; lastKnownFileType = sourcecode.c.objc; path = CCAdjustMapPointView.m; sourceTree = "<group>"; };
		8DAEB684191C222200223F86 /* CCLine.h */ = {isa = PBXFileReference; fileEncoding = 4; lastKnownFileType = sourcecode.c.h; path = CCLine.h; sourceTree = "<group>"; };
		8DAEB685191C222200223F86 /* CCLine.m */ = {isa = PBXFileReference; fileEncoding = 4; lastKnownFileType = sourcecode.c.objc; path = CCLine.m; sourceTree = "<group>"; };
		8DAEB687191C235D00223F86 /* CCDrawableView.h */ = {isa = PBXFileReference; fileEncoding = 4; lastKnownFileType = sourcecode.c.h; path = CCDrawableView.h; sourceTree = "<group>"; };
		8DAEB688191C235D00223F86 /* CCDrawableView.m */ = {isa = PBXFileReference; fileEncoding = 4; lastKnownFileType = sourcecode.c.objc; path = CCDrawableView.m; sourceTree = "<group>"; };
		8DC5CCA11918189F000673FE /* CCMapPageViewController.h */ = {isa = PBXFileReference; fileEncoding = 4; lastKnownFileType = sourcecode.c.h; path = CCMapPageViewController.h; sourceTree = "<group>"; };
		8DC5CCA21918189F000673FE /* CCMapPageViewController.m */ = {isa = PBXFileReference; fileEncoding = 4; lastKnownFileType = sourcecode.c.objc; path = CCMapPageViewController.m; sourceTree = "<group>"; };
		8DECED3D1909FD4A002FD98D /* smallBG.png */ = {isa = PBXFileReference; lastKnownFileType = image.png; name = smallBG.png; path = ../../../../../Desktop/smallBG.png; sourceTree = "<group>"; };
		8DECED3F1909FDB9002FD98D /* ios7_app_icon_iphone@2x.png */ = {isa = PBXFileReference; lastKnownFileType = image.png; name = "ios7_app_icon_iphone@2x.png"; path = "../../../../../Desktop/rambler/ios7_app_icon_iphone@2x.png"; sourceTree = "<group>"; };
		8DECED401909FDB9002FD98D /* settings_icon@2x.png */ = {isa = PBXFileReference; lastKnownFileType = image.png; name = "settings_icon@2x.png"; path = "../../../../../Desktop/rambler/settings_icon@2x.png"; sourceTree = "<group>"; };
		8DECED411909FDB9002FD98D /* spotlight_icon@2x.png */ = {isa = PBXFileReference; lastKnownFileType = image.png; name = "spotlight_icon@2x.png"; path = "../../../../../Desktop/rambler/spotlight_icon@2x.png"; sourceTree = "<group>"; };
		A34B124555C04440BEF5D0C3 /* Pods.xcconfig */ = {isa = PBXFileReference; includeInIndex = 1; lastKnownFileType = text.xcconfig; name = Pods.xcconfig; path = Pods/Pods.xcconfig; sourceTree = "<group>"; };
/* End PBXFileReference section */

/* Begin PBXFrameworksBuildPhase section */
		8D0E0C2C1909FB30005E3CFE /* Frameworks */ = {
			isa = PBXFrameworksBuildPhase;
			buildActionMask = 2147483647;
			files = (
				8D0E0C351909FB30005E3CFE /* CoreGraphics.framework in Frameworks */,
				8D0E0C371909FB30005E3CFE /* UIKit.framework in Frameworks */,
				8D0E0C331909FB30005E3CFE /* Foundation.framework in Frameworks */,
				121DC7893E6C443AAD3D99ED /* libPods.a in Frameworks */,
			);
			runOnlyForDeploymentPostprocessing = 0;
		};
		8D0E0C4D1909FB31005E3CFE /* Frameworks */ = {
			isa = PBXFrameworksBuildPhase;
			buildActionMask = 2147483647;
			files = (
				8D0E0C521909FB31005E3CFE /* XCTest.framework in Frameworks */,
				8D0E0C541909FB31005E3CFE /* UIKit.framework in Frameworks */,
				8D0E0C531909FB31005E3CFE /* Foundation.framework in Frameworks */,
			);
			runOnlyForDeploymentPostprocessing = 0;
		};
/* End PBXFrameworksBuildPhase section */

/* Begin PBXGroup section */
		8D0E0C261909FB30005E3CFE = {
			isa = PBXGroup;
			children = (
				8D0E0C381909FB30005E3CFE /* Rambler */,
				8D0E0C571909FB31005E3CFE /* RamblerTests */,
				8D0E0C311909FB30005E3CFE /* Frameworks */,
				8D0E0C301909FB30005E3CFE /* Products */,
				A34B124555C04440BEF5D0C3 /* Pods.xcconfig */,
			);
			sourceTree = "<group>";
		};
		8D0E0C301909FB30005E3CFE /* Products */ = {
			isa = PBXGroup;
			children = (
				8D0E0C2F1909FB30005E3CFE /* Rambler.app */,
				8D0E0C501909FB31005E3CFE /* RamblerTests.xctest */,
			);
			name = Products;
			sourceTree = "<group>";
		};
		8D0E0C311909FB30005E3CFE /* Frameworks */ = {
			isa = PBXGroup;
			children = (
				8D0E0C321909FB30005E3CFE /* Foundation.framework */,
				8D0E0C341909FB30005E3CFE /* CoreGraphics.framework */,
				8D0E0C361909FB30005E3CFE /* UIKit.framework */,
				8D0E0C511909FB31005E3CFE /* XCTest.framework */,
				8AFF9F8FBBEE4EECA0007C6E /* libPods.a */,
			);
			name = Frameworks;
			sourceTree = "<group>";
		};
		8D0E0C381909FB30005E3CFE /* Rambler */ = {
			isa = PBXGroup;
			children = (
				8D0E0C411909FB31005E3CFE /* CCAppDelegate.h */,
				8D0E0C421909FB31005E3CFE /* CCAppDelegate.m */,
				8D0E0C441909FB31005E3CFE /* Main.storyboard */,
				8D4E71D3191D94DE0055DCD2 /* Map Annotations */,
				8D843CC5190C2C2100DAA4B7 /* CCButtonClass.h */,
				8D843CC6190C2C2100DAA4B7 /* CCButtonClass.m */,
				8DAEB683191C220100223F86 /* Drawing Objects */,
				8D0E0C671909FB41005E3CFE /* Views */,
				8D0E0C4A1909FB31005E3CFE /* Images.xcassets */,
				8DA35BC919213564008DF664 /* Checkbox.png */,
				8DA35BC719213555008DF664 /* Checkbox@2x.png */,
				8D440AA51920445C006AF9E7 /* Pin.png */,
				8D440AA319204448006AF9E7 /* Pin@2x.png */,
				8D4E71D9191DAF1D0055DCD2 /* Map_Path@2x.png */,
				8D4E71D7191DAF090055DCD2 /* Map_Path.png */,
				8DECED3D1909FD4A002FD98D /* smallBG.png */,
				8DECED3F1909FDB9002FD98D /* ios7_app_icon_iphone@2x.png */,
				8DECED401909FDB9002FD98D /* settings_icon@2x.png */,
				8DECED411909FDB9002FD98D /* spotlight_icon@2x.png */,
				8D0E0C391909FB30005E3CFE /* Supporting Files */,
			);
			path = Rambler;
			sourceTree = "<group>";
		};
		8D0E0C391909FB30005E3CFE /* Supporting Files */ = {
			isa = PBXGroup;
			children = (
				8D0E0C3A1909FB30005E3CFE /* Rambler-Info.plist */,
				8D0E0C3B1909FB30005E3CFE /* InfoPlist.strings */,
				8D0E0C3E1909FB30005E3CFE /* main.m */,
				8D0E0C401909FB30005E3CFE /* Rambler-Prefix.pch */,
			);
			name = "Supporting Files";
			sourceTree = "<group>";
		};
		8D0E0C571909FB31005E3CFE /* RamblerTests */ = {
			isa = PBXGroup;
			children = (
				8D0E0C5D1909FB31005E3CFE /* RamblerTests.m */,
				8D0E0C581909FB31005E3CFE /* Supporting Files */,
			);
			path = RamblerTests;
			sourceTree = "<group>";
		};
		8D0E0C581909FB31005E3CFE /* Supporting Files */ = {
			isa = PBXGroup;
			children = (
				8D0E0C591909FB31005E3CFE /* RamblerTests-Info.plist */,
				8D0E0C5A1909FB31005E3CFE /* InfoPlist.strings */,
			);
			name = "Supporting Files";
			sourceTree = "<group>";
		};
		8D0E0C671909FB41005E3CFE /* Views */ = {
			isa = PBXGroup;
			children = (
				8DA35BCB1922C7F3008DF664 /* CCAdjustMapPointView.h */,
				8DA35BCC1922C7F3008DF664 /* CCAdjustMapPointView.m */,
				8DC5CCA11918189F000673FE /* CCMapPageViewController.h */,
				8DC5CCA21918189F000673FE /* CCMapPageViewController.m */,
				8D0E0C691909FB71005E3CFE /* CCLandingViewController.h */,
				8D0E0C6A1909FB71005E3CFE /* CCLandingViewController.m */,
			);
			name = Views;
			sourceTree = "<group>";
		};
		8D4E71D3191D94DE0055DCD2 /* Map Annotations */ = {
			isa = PBXGroup;
			children = (
				8D4E71D4191D950E0055DCD2 /* CCPinAnnotations.h */,
				8D4E71D5191D950E0055DCD2 /* CCPinAnnotations.m */,
			);
			name = "Map Annotations";
			sourceTree = "<group>";
		};
		8DAEB683191C220100223F86 /* Drawing Objects */ = {
			isa = PBXGroup;
			children = (
				8D440AA719204736006AF9E7 /* CCEndPointPinView.h */,
				8D440AA819204736006AF9E7 /* CCEndPointPinView.m */,
				8DAEB687191C235D00223F86 /* CCDrawableView.h */,
				8DAEB688191C235D00223F86 /* CCDrawableView.m */,
				8DAEB684191C222200223F86 /* CCLine.h */,
				8DAEB685191C222200223F86 /* CCLine.m */,
			);
			name = "Drawing Objects";
			sourceTree = "<group>";
		};
/* End PBXGroup section */

/* Begin PBXNativeTarget section */
		8D0E0C2E1909FB30005E3CFE /* Rambler */ = {
			isa = PBXNativeTarget;
			buildConfigurationList = 8D0E0C611909FB31005E3CFE /* Build configuration list for PBXNativeTarget "Rambler" */;
			buildPhases = (
				28BFC7F2CA54491C8254653A /* Check Pods Manifest.lock */,
				8D0E0C2B1909FB30005E3CFE /* Sources */,
				8D0E0C2C1909FB30005E3CFE /* Frameworks */,
				8D0E0C2D1909FB30005E3CFE /* Resources */,
				85E9A71591404DE3926EA094 /* Copy Pods Resources */,
			);
			buildRules = (
			);
			dependencies = (
			);
			name = Rambler;
			productName = Rambler;
			productReference = 8D0E0C2F1909FB30005E3CFE /* Rambler.app */;
			productType = "com.apple.product-type.application";
		};
		8D0E0C4F1909FB31005E3CFE /* RamblerTests */ = {
			isa = PBXNativeTarget;
			buildConfigurationList = 8D0E0C641909FB31005E3CFE /* Build configuration list for PBXNativeTarget "RamblerTests" */;
			buildPhases = (
				8D0E0C4C1909FB31005E3CFE /* Sources */,
				8D0E0C4D1909FB31005E3CFE /* Frameworks */,
				8D0E0C4E1909FB31005E3CFE /* Resources */,
			);
			buildRules = (
			);
			dependencies = (
				8D0E0C561909FB31005E3CFE /* PBXTargetDependency */,
			);
			name = RamblerTests;
			productName = RamblerTests;
			productReference = 8D0E0C501909FB31005E3CFE /* RamblerTests.xctest */;
			productType = "com.apple.product-type.bundle.unit-test";
		};
/* End PBXNativeTarget section */

/* Begin PBXProject section */
		8D0E0C271909FB30005E3CFE /* Project object */ = {
			isa = PBXProject;
			attributes = {
				CLASSPREFIX = CC;
				LastUpgradeCheck = 0510;
				ORGANIZATIONNAME = "Byte Meets World";
				TargetAttributes = {
					8D0E0C4F1909FB31005E3CFE = {
						TestTargetID = 8D0E0C2E1909FB30005E3CFE;
					};
				};
			};
			buildConfigurationList = 8D0E0C2A1909FB30005E3CFE /* Build configuration list for PBXProject "Rambler" */;
			compatibilityVersion = "Xcode 3.2";
			developmentRegion = English;
			hasScannedForEncodings = 0;
			knownRegions = (
				en,
				Base,
			);
			mainGroup = 8D0E0C261909FB30005E3CFE;
			productRefGroup = 8D0E0C301909FB30005E3CFE /* Products */;
			projectDirPath = "";
			projectRoot = "";
			targets = (
				8D0E0C2E1909FB30005E3CFE /* Rambler */,
				8D0E0C4F1909FB31005E3CFE /* RamblerTests */,
			);
		};
/* End PBXProject section */

/* Begin PBXResourcesBuildPhase section */
		8D0E0C2D1909FB30005E3CFE /* Resources */ = {
			isa = PBXResourcesBuildPhase;
			buildActionMask = 2147483647;
			files = (
				8DECED431909FDB9002FD98D /* settings_icon@2x.png in Resources */,
				8D4E71D8191DAF090055DCD2 /* Map_Path.png in Resources */,
				8D4E71DA191DAF1D0055DCD2 /* Map_Path@2x.png in Resources */,
				8DECED441909FDB9002FD98D /* spotlight_icon@2x.png in Resources */,
				8DECED3E1909FD4A002FD98D /* smallBG.png in Resources */,
				8DECED421909FDB9002FD98D /* ios7_app_icon_iphone@2x.png in Resources */,
				8DA35BCA19213564008DF664 /* Checkbox.png in Resources */,
				8D440AA61920445C006AF9E7 /* Pin.png in Resources */,
				8D0E0C4B1909FB31005E3CFE /* Images.xcassets in Resources */,
				8D0E0C3D1909FB30005E3CFE /* InfoPlist.strings in Resources */,
				8D440AA419204448006AF9E7 /* Pin@2x.png in Resources */,
				8D0E0C461909FB31005E3CFE /* Main.storyboard in Resources */,
				8DA35BC819213555008DF664 /* Checkbox@2x.png in Resources */,
			);
			runOnlyForDeploymentPostprocessing = 0;
		};
		8D0E0C4E1909FB31005E3CFE /* Resources */ = {
			isa = PBXResourcesBuildPhase;
			buildActionMask = 2147483647;
			files = (
				8D0E0C5C1909FB31005E3CFE /* InfoPlist.strings in Resources */,
			);
			runOnlyForDeploymentPostprocessing = 0;
		};
/* End PBXResourcesBuildPhase section */

/* Begin PBXShellScriptBuildPhase section */
		28BFC7F2CA54491C8254653A /* Check Pods Manifest.lock */ = {
			isa = PBXShellScriptBuildPhase;
			buildActionMask = 2147483647;
			files = (
			);
			inputPaths = (
			);
			name = "Check Pods Manifest.lock";
			outputPaths = (
			);
			runOnlyForDeploymentPostprocessing = 0;
			shellPath = /bin/sh;
			shellScript = "diff \"${PODS_ROOT}/../Podfile.lock\" \"${PODS_ROOT}/Manifest.lock\" > /dev/null\nif [[ $? != 0 ]] ; then\n    cat << EOM\nerror: The sandbox is not in sync with the Podfile.lock. Run 'pod install' or update your CocoaPods installation.\nEOM\n    exit 1\nfi\n";
			showEnvVarsInLog = 0;
		};
		85E9A71591404DE3926EA094 /* Copy Pods Resources */ = {
			isa = PBXShellScriptBuildPhase;
			buildActionMask = 2147483647;
			files = (
			);
			inputPaths = (
			);
			name = "Copy Pods Resources";
			outputPaths = (
			);
			runOnlyForDeploymentPostprocessing = 0;
			shellPath = /bin/sh;
			shellScript = "\"${SRCROOT}/Pods/Pods-resources.sh\"\n";
			showEnvVarsInLog = 0;
		};
/* End PBXShellScriptBuildPhase section */

/* Begin PBXSourcesBuildPhase section */
		8D0E0C2B1909FB30005E3CFE /* Sources */ = {
			isa = PBXSourcesBuildPhase;
			buildActionMask = 2147483647;
			files = (
				8D4E71D6191D950E0055DCD2 /* CCPinAnnotations.m in Sources */,
				8DAEB689191C235D00223F86 /* CCDrawableView.m in Sources */,
				8D0E0C6B1909FB71005E3CFE /* CCLandingViewController.m in Sources */,
				8D0E0C431909FB31005E3CFE /* CCAppDelegate.m in Sources */,
				8DC5CCA31918189F000673FE /* CCMapPageViewController.m in Sources */,
				8DA35BCD1922C7F3008DF664 /* CCAdjustMapPointView.m in Sources */,
				8D440AA919204736006AF9E7 /* CCEndPointPinView.m in Sources */,
				8D843CC7190C2C2100DAA4B7 /* CCButtonClass.m in Sources */,
				8D0E0C3F1909FB30005E3CFE /* main.m in Sources */,
				8DAEB686191C222200223F86 /* CCLine.m in Sources */,
			);
			runOnlyForDeploymentPostprocessing = 0;
		};
		8D0E0C4C1909FB31005E3CFE /* Sources */ = {
			isa = PBXSourcesBuildPhase;
			buildActionMask = 2147483647;
			files = (
				8D0E0C5E1909FB31005E3CFE /* RamblerTests.m in Sources */,
			);
			runOnlyForDeploymentPostprocessing = 0;
		};
/* End PBXSourcesBuildPhase section */

/* Begin PBXTargetDependency section */
		8D0E0C561909FB31005E3CFE /* PBXTargetDependency */ = {
			isa = PBXTargetDependency;
			target = 8D0E0C2E1909FB30005E3CFE /* Rambler */;
			targetProxy = 8D0E0C551909FB31005E3CFE /* PBXContainerItemProxy */;
		};
/* End PBXTargetDependency section */

/* Begin PBXVariantGroup section */
		8D0E0C3B1909FB30005E3CFE /* InfoPlist.strings */ = {
			isa = PBXVariantGroup;
			children = (
				8D0E0C3C1909FB30005E3CFE /* en */,
			);
			name = InfoPlist.strings;
			sourceTree = "<group>";
		};
		8D0E0C441909FB31005E3CFE /* Main.storyboard */ = {
			isa = PBXVariantGroup;
			children = (
				8D0E0C451909FB31005E3CFE /* Base */,
			);
			name = Main.storyboard;
			sourceTree = "<group>";
		};
		8D0E0C5A1909FB31005E3CFE /* InfoPlist.strings */ = {
			isa = PBXVariantGroup;
			children = (
				8D0E0C5B1909FB31005E3CFE /* en */,
			);
			name = InfoPlist.strings;
			sourceTree = "<group>";
		};
/* End PBXVariantGroup section */

/* Begin XCBuildConfiguration section */
		8D0E0C5F1909FB31005E3CFE /* Debug */ = {
			isa = XCBuildConfiguration;
			buildSettings = {
				ALWAYS_SEARCH_USER_PATHS = NO;
				CLANG_CXX_LANGUAGE_STANDARD = "gnu++0x";
				CLANG_CXX_LIBRARY = "libc++";
				CLANG_ENABLE_MODULES = YES;
				CLANG_ENABLE_OBJC_ARC = YES;
				CLANG_WARN_BOOL_CONVERSION = YES;
				CLANG_WARN_CONSTANT_CONVERSION = YES;
				CLANG_WARN_DIRECT_OBJC_ISA_USAGE = YES_ERROR;
				CLANG_WARN_EMPTY_BODY = YES;
				CLANG_WARN_ENUM_CONVERSION = YES;
				CLANG_WARN_INT_CONVERSION = YES;
				CLANG_WARN_OBJC_ROOT_CLASS = YES_ERROR;
				CLANG_WARN__DUPLICATE_METHOD_MATCH = YES;
				"CODE_SIGN_IDENTITY[sdk=iphoneos*]" = "iPhone Developer";
				COPY_PHASE_STRIP = NO;
				GCC_C_LANGUAGE_STANDARD = gnu99;
				GCC_DYNAMIC_NO_PIC = NO;
				GCC_OPTIMIZATION_LEVEL = 0;
				GCC_PREPROCESSOR_DEFINITIONS = (
					"DEBUG=1",
					"$(inherited)",
				);
				GCC_SYMBOLS_PRIVATE_EXTERN = NO;
				GCC_WARN_64_TO_32_BIT_CONVERSION = YES;
				GCC_WARN_ABOUT_RETURN_TYPE = YES_ERROR;
				GCC_WARN_UNDECLARED_SELECTOR = YES;
				GCC_WARN_UNINITIALIZED_AUTOS = YES_AGGRESSIVE;
				GCC_WARN_UNUSED_FUNCTION = YES;
				GCC_WARN_UNUSED_VARIABLE = YES;
				IPHONEOS_DEPLOYMENT_TARGET = 7.1;
				ONLY_ACTIVE_ARCH = YES;
				SDKROOT = iphoneos;
			};
			name = Debug;
		};
		8D0E0C601909FB31005E3CFE /* Release */ = {
			isa = XCBuildConfiguration;
			buildSettings = {
				ALWAYS_SEARCH_USER_PATHS = NO;
				CLANG_CXX_LANGUAGE_STANDARD = "gnu++0x";
				CLANG_CXX_LIBRARY = "libc++";
				CLANG_ENABLE_MODULES = YES;
				CLANG_ENABLE_OBJC_ARC = YES;
				CLANG_WARN_BOOL_CONVERSION = YES;
				CLANG_WARN_CONSTANT_CONVERSION = YES;
				CLANG_WARN_DIRECT_OBJC_ISA_USAGE = YES_ERROR;
				CLANG_WARN_EMPTY_BODY = YES;
				CLANG_WARN_ENUM_CONVERSION = YES;
				CLANG_WARN_INT_CONVERSION = YES;
				CLANG_WARN_OBJC_ROOT_CLASS = YES_ERROR;
				CLANG_WARN__DUPLICATE_METHOD_MATCH = YES;
				"CODE_SIGN_IDENTITY[sdk=iphoneos*]" = "iPhone Developer";
				COPY_PHASE_STRIP = YES;
				ENABLE_NS_ASSERTIONS = NO;
				GCC_C_LANGUAGE_STANDARD = gnu99;
				GCC_WARN_64_TO_32_BIT_CONVERSION = YES;
				GCC_WARN_ABOUT_RETURN_TYPE = YES_ERROR;
				GCC_WARN_UNDECLARED_SELECTOR = YES;
				GCC_WARN_UNINITIALIZED_AUTOS = YES_AGGRESSIVE;
				GCC_WARN_UNUSED_FUNCTION = YES;
				GCC_WARN_UNUSED_VARIABLE = YES;
				IPHONEOS_DEPLOYMENT_TARGET = 7.1;
				SDKROOT = iphoneos;
				VALIDATE_PRODUCT = YES;
			};
			name = Release;
		};
		8D0E0C621909FB31005E3CFE /* Debug */ = {
			isa = XCBuildConfiguration;
			baseConfigurationReference = A34B124555C04440BEF5D0C3 /* Pods.xcconfig */;
			buildSettings = {
				ASSETCATALOG_COMPILER_APPICON_NAME = AppIcon;
				ASSETCATALOG_COMPILER_LAUNCHIMAGE_NAME = LaunchImage;
				GCC_PRECOMPILE_PREFIX_HEADER = YES;
				GCC_PREFIX_HEADER = "Rambler/Rambler-Prefix.pch";
				INFOPLIST_FILE = "Rambler/Rambler-Info.plist";
				PRODUCT_NAME = "$(TARGET_NAME)";
				WRAPPER_EXTENSION = app;
			};
			name = Debug;
		};
		8D0E0C631909FB31005E3CFE /* Release */ = {
			isa = XCBuildConfiguration;
			baseConfigurationReference = A34B124555C04440BEF5D0C3 /* Pods.xcconfig */;
			buildSettings = {
				ASSETCATALOG_COMPILER_APPICON_NAME = AppIcon;
				ASSETCATALOG_COMPILER_LAUNCHIMAGE_NAME = LaunchImage;
				GCC_PRECOMPILE_PREFIX_HEADER = YES;
				GCC_PREFIX_HEADER = "Rambler/Rambler-Prefix.pch";
				INFOPLIST_FILE = "Rambler/Rambler-Info.plist";
				PRODUCT_NAME = "$(TARGET_NAME)";
				WRAPPER_EXTENSION = app;
			};
			name = Release;
		};
		8D0E0C651909FB31005E3CFE /* Debug */ = {
			isa = XCBuildConfiguration;
			buildSettings = {
				BUNDLE_LOADER = "$(BUILT_PRODUCTS_DIR)/Rambler.app/Rambler";
				FRAMEWORK_SEARCH_PATHS = (
					"$(SDKROOT)/Developer/Library/Frameworks",
					"$(inherited)",
					"$(DEVELOPER_FRAMEWORKS_DIR)",
				);
				GCC_PRECOMPILE_PREFIX_HEADER = YES;
				GCC_PREFIX_HEADER = "Rambler/Rambler-Prefix.pch";
				GCC_PREPROCESSOR_DEFINITIONS = (
					"DEBUG=1",
					"$(inherited)",
				);
				INFOPLIST_FILE = "RamblerTests/RamblerTests-Info.plist";
				PRODUCT_NAME = "$(TARGET_NAME)";
				TEST_HOST = "$(BUNDLE_LOADER)";
				WRAPPER_EXTENSION = xctest;
			};
			name = Debug;
		};
		8D0E0C661909FB31005E3CFE /* Release */ = {
			isa = XCBuildConfiguration;
			buildSettings = {
				BUNDLE_LOADER = "$(BUILT_PRODUCTS_DIR)/Rambler.app/Rambler";
				FRAMEWORK_SEARCH_PATHS = (
					"$(SDKROOT)/Developer/Library/Frameworks",
					"$(inherited)",
					"$(DEVELOPER_FRAMEWORKS_DIR)",
				);
				GCC_PRECOMPILE_PREFIX_HEADER = YES;
				GCC_PREFIX_HEADER = "Rambler/Rambler-Prefix.pch";
				INFOPLIST_FILE = "RamblerTests/RamblerTests-Info.plist";
				PRODUCT_NAME = "$(TARGET_NAME)";
				TEST_HOST = "$(BUNDLE_LOADER)";
				WRAPPER_EXTENSION = xctest;
			};
			name = Release;
		};
/* End XCBuildConfiguration section */

/* Begin XCConfigurationList section */
		8D0E0C2A1909FB30005E3CFE /* Build configuration list for PBXProject "Rambler" */ = {
			isa = XCConfigurationList;
			buildConfigurations = (
				8D0E0C5F1909FB31005E3CFE /* Debug */,
				8D0E0C601909FB31005E3CFE /* Release */,
			);
			defaultConfigurationIsVisible = 0;
			defaultConfigurationName = Release;
		};
		8D0E0C611909FB31005E3CFE /* Build configuration list for PBXNativeTarget "Rambler" */ = {
			isa = XCConfigurationList;
			buildConfigurations = (
				8D0E0C621909FB31005E3CFE /* Debug */,
				8D0E0C631909FB31005E3CFE /* Release */,
			);
			defaultConfigurationIsVisible = 0;
			defaultConfigurationName = Release;
		};
		8D0E0C641909FB31005E3CFE /* Build configuration list for PBXNativeTarget "RamblerTests" */ = {
			isa = XCConfigurationList;
			buildConfigurations = (
				8D0E0C651909FB31005E3CFE /* Debug */,
				8D0E0C661909FB31005E3CFE /* Release */,
			);
			defaultConfigurationIsVisible = 0;
			defaultConfigurationName = Release;
		};
/* End XCConfigurationList section */
	};
	rootObject = 8D0E0C271909FB30005E3CFE /* Project object */;
}
